
Microsoft Visual Studio Solution File, Format Version 12.00
# Visual Studio Version 17
VisualStudioVersion = 17.6.33829.357
MinimumVisualStudioVersion = 10.0.40219.1
Project("{FAE04EC0-301F-11D3-BF4B-00C04F79EFBC}") = "SpecFlowProjectMeDirectUI", "SpecFlowProjectMeDirectUI\SpecFlowProjectMeDirectUI.csproj", "{41B8EB21-EC60-4F20-9349-847478775315}"
EndProject
Global
	GlobalSection(SolutionConfigurationPlatforms) = preSolution
		Debug|Any CPU = Debug|Any CPU
		Release|Any CPU = Release|Any CPU
	EndGlobalSection
	GlobalSection(ProjectConfigurationPlatforms) = postSolution
		{41B8EB21-EC60-4F20-9349-847478775315}.Debug|Any CPU.ActiveCfg = Debug|Any CPU
		{41B8EB21-EC60-4F20-9349-847478775315}.Debug|Any CPU.Build.0 = Debug|Any CPU
		{41B8EB21-EC60-4F20-9349-847478775315}.Release|Any CPU.ActiveCfg = Release|Any CPU
		{41B8EB21-EC60-4F20-9349-847478775315}.Release|Any CPU.Build.0 = Release|Any CPU
	EndGlobalSection
	GlobalSection(SolutionProperties) = preSolution
		HideSolutionNode = FALSE
	EndGlobalSection
	GlobalSection(ExtensibilityGlobals) = postSolution
		SolutionGuid = {5CC636AA-5256-4D8D-8FB8-EAA4F2F8FB3B}
	EndGlobalSection
EndGlobal
